
Microsoft Visual Studio Solution File, Format Version 12.00
# Visual Studio 15
VisualStudioVersion = 15.0.27703.2026
MinimumVisualStudioVersion = 10.0.40219.1
Project("{FAE04EC0-301F-11D3-BF4B-00C04F79EFBC}") = "Transfer.Sample.DDD.Application", "Transfer.Sample.DDD.Application\Transfer.Sample.DDD.Application.csproj", "{F973EED3-3ABD-46D6-8868-7B307B615B18}"
EndProject
Project("{FAE04EC0-301F-11D3-BF4B-00C04F79EFBC}") = "Transfer.Sample.DDD.Domin", "Transfer.Sample.DDD.Domin\Transfer.Sample.DDD.Domin.csproj", "{4756826A-83E3-411B-B6B2-44E72F2C501D}"
EndProject
Project("{FAE04EC0-301F-11D3-BF4B-00C04F79EFBC}") = "Transfer.Sample.DDD.Infrastructure", "Transfer.Sample.DDD.Infrastructure\Transfer.Sample.DDD.Infrastructure.csproj", "{125CB2C3-B9AA-4D9C-B633-BCAB30D960A3}"
EndProject
Project("{FAE04EC0-301F-11D3-BF4B-00C04F79EFBC}") = "Transfer.Sample.DDD.DominTest", "Transfer.Sample.DDD.DominTest\Transfer.Sample.DDD.DominTest.csproj", "{99C6265F-F781-40F0-9906-051E2753D40E}"
EndProject
Global
	GlobalSection(SolutionConfigurationPlatforms) = preSolution
		Debug|Any CPU = Debug|Any CPU
		Release|Any CPU = Release|Any CPU
	EndGlobalSection
	GlobalSection(ProjectConfigurationPlatforms) = postSolution
		{F973EED3-3ABD-46D6-8868-7B307B615B18}.Debug|Any CPU.ActiveCfg = Debug|Any CPU
		{F973EED3-3ABD-46D6-8868-7B307B615B18}.Debug|Any CPU.Build.0 = Debug|Any CPU
		{F973EED3-3ABD-46D6-8868-7B307B615B18}.Release|Any CPU.ActiveCfg = Release|Any CPU
		{F973EED3-3ABD-46D6-8868-7B307B615B18}.Release|Any CPU.Build.0 = Release|Any CPU
		{4756826A-83E3-411B-B6B2-44E72F2C501D}.Debug|Any CPU.ActiveCfg = Debug|Any CPU
		{4756826A-83E3-411B-B6B2-44E72F2C501D}.Debug|Any CPU.Build.0 = Debug|Any CPU
		{4756826A-83E3-411B-B6B2-44E72F2C501D}.Release|Any CPU.ActiveCfg = Release|Any CPU
		{4756826A-83E3-411B-B6B2-44E72F2C501D}.Release|Any CPU.Build.0 = Release|Any CPU
		{125CB2C3-B9AA-4D9C-B633-BCAB30D960A3}.Debug|Any CPU.ActiveCfg = Debug|Any CPU
		{125CB2C3-B9AA-4D9C-B633-BCAB30D960A3}.Debug|Any CPU.Build.0 = Debug|Any CPU
		{125CB2C3-B9AA-4D9C-B633-BCAB30D960A3}.Release|Any CPU.ActiveCfg = Release|Any CPU
		{125CB2C3-B9AA-4D9C-B633-BCAB30D960A3}.Release|Any CPU.Build.0 = Release|Any CPU
		{99C6265F-F781-40F0-9906-051E2753D40E}.Debug|Any CPU.ActiveCfg = Debug|Any CPU
		{99C6265F-F781-40F0-9906-051E2753D40E}.Debug|Any CPU.Build.0 = Debug|Any CPU
		{99C6265F-F781-40F0-9906-051E2753D40E}.Release|Any CPU.ActiveCfg = Release|Any CPU
		{99C6265F-F781-40F0-9906-051E2753D40E}.Release|Any CPU.Build.0 = Release|Any CPU
	EndGlobalSection
	GlobalSection(SolutionProperties) = preSolution
		HideSolutionNode = FALSE
	EndGlobalSection
	GlobalSection(ExtensibilityGlobals) = postSolution
		SolutionGuid = {27431577-C25E-4169-99CA-A9B97EE3F39B}
	EndGlobalSection
EndGlobal
